
Microsoft Visual Studio Solution File, Format Version 12.00
# Visual Studio 15
VisualStudioVersion = 15.0.27428.2037
MinimumVisualStudioVersion = 10.0.40219.1
Project("{9A19103F-16F7-4668-BE54-9A1E7A4F7556}") = "Slacker", "Slacker\Slacker.csproj", "{7AE16172-FF7D-4CDF-B16D-5A0FAF10D61C}"
EndProject
Project("{FAE04EC0-301F-11D3-BF4B-00C04F79EFBC}") = "Slacker.Tests", "Slacker.Tests\Slacker.Tests.csproj", "{FDA42EB9-5A41-475D-9349-307D6D8829D5}"
EndProject
Project("{9A19103F-16F7-4668-BE54-9A1E7A4F7556}") = "Slacker.Tests.AdventureWorks2017", "Slacker.Tests.AdventureWorks2017\Slacker.Tests.AdventureWorks2017.csproj", "{E63AE1FA-1628-4D9F-A87B-7022831FB77B}"
EndProject
Global
	GlobalSection(SolutionConfigurationPlatforms) = preSolution
		Debug|Any CPU = Debug|Any CPU
		Release|Any CPU = Release|Any CPU
	EndGlobalSection
	GlobalSection(ProjectConfigurationPlatforms) = postSolution
		{7AE16172-FF7D-4CDF-B16D-5A0FAF10D61C}.Debug|Any CPU.ActiveCfg = Debug|Any CPU
		{7AE16172-FF7D-4CDF-B16D-5A0FAF10D61C}.Debug|Any CPU.Build.0 = Debug|Any CPU
		{7AE16172-FF7D-4CDF-B16D-5A0FAF10D61C}.Release|Any CPU.ActiveCfg = Release|Any CPU
		{7AE16172-FF7D-4CDF-B16D-5A0FAF10D61C}.Release|Any CPU.Build.0 = Release|Any CPU
		{FDA42EB9-5A41-475D-9349-307D6D8829D5}.Debug|Any CPU.ActiveCfg = Debug|Any CPU
		{FDA42EB9-5A41-475D-9349-307D6D8829D5}.Debug|Any CPU.Build.0 = Debug|Any CPU
		{FDA42EB9-5A41-475D-9349-307D6D8829D5}.Release|Any CPU.ActiveCfg = Release|Any CPU
		{FDA42EB9-5A41-475D-9349-307D6D8829D5}.Release|Any CPU.Build.0 = Release|Any CPU
		{E63AE1FA-1628-4D9F-A87B-7022831FB77B}.Debug|Any CPU.ActiveCfg = Debug|Any CPU
		{E63AE1FA-1628-4D9F-A87B-7022831FB77B}.Debug|Any CPU.Build.0 = Debug|Any CPU
		{E63AE1FA-1628-4D9F-A87B-7022831FB77B}.Release|Any CPU.ActiveCfg = Release|Any CPU
		{E63AE1FA-1628-4D9F-A87B-7022831FB77B}.Release|Any CPU.Build.0 = Release|Any CPU
	EndGlobalSection
	GlobalSection(SolutionProperties) = preSolution
		HideSolutionNode = FALSE
	EndGlobalSection
	GlobalSection(ExtensibilityGlobals) = postSolution
		SolutionGuid = {57BCFF2F-6244-4E1D-A1CD-DB1AEDCD844A}
	EndGlobalSection
EndGlobal
